
Microsoft Visual Studio Solution File, Format Version 12.00
# Visual Studio Version 17
VisualStudioVersion = 17.9.34714.143
MinimumVisualStudioVersion = 10.0.40219.1
Project("{9A19103F-16F7-4668-BE54-9A1E7A4F7556}") = "PropostaService", "src\PropostaService\PropostaService.csproj", "{3C4F954E-1384-4290-9B62-F63425BD5AF5}"
EndProject
Project("{9A19103F-16F7-4668-BE54-9A1E7A4F7556}") = "Core", "src\Core\Core.csproj", "{F0D54374-85C2-4F04-A2F8-D4DE5E52229E}"
EndProject
Project("{2150E333-8FDC-42A3-9474-1A3956D46DE8}") = "src", "src", "{6F6D5DEC-0C5F-4362-A0EB-1EC0DEEE04C9}"
EndProject
Project("{9A19103F-16F7-4668-BE54-9A1E7A4F7556}") = "Infrastructure", "src\Infrastructure\Infrastructure.csproj", "{2EE7D7FD-F6BA-4626-A8EB-F264E92DA27E}"
EndProject
Project("{9A19103F-16F7-4668-BE54-9A1E7A4F7556}") = "Applications", "src\Applications\Applications.csproj", "{694CC7B5-E8E2-4B86-91DD-D0709BE4F603}"
EndProject
Project("{9A19103F-16F7-4668-BE54-9A1E7A4F7556}") = "ContratacaoService", "src\ContratacaoService\ContratacaoService.csproj", "{20AC735B-07EE-4A5E-81D0-7E8DDF768981}"
EndProject
Project("{9A19103F-16F7-4668-BE54-9A1E7A4F7556}") = "ContratacaoWorker", "src\ContratacaoWorker\ContratacaoWorker.csproj", "{BEC3C3FA-45E6-4CDA-B2BD-9FB1012A0A44}"
EndProject
Project("{2150E333-8FDC-42A3-9474-1A3956D46DE8}") = "tests", "tests", "{AFE1960B-8AB3-40D4-946A-C11CBF61BE22}"
EndProject
Project("{9A19103F-16F7-4668-BE54-9A1E7A4F7556}") = "PropostaIntegrationTests", "tests\PropostaIntegrationTests\PropostaIntegrationTests.csproj", "{589356D3-2463-442E-BB38-A545E635E33D}"
EndProject
Project("{FAE04EC0-301F-11D3-BF4B-00C04F79EFBC}") = "ContratacaoIntegrationTests", "tests\ContratacaoIntegrationTests\ContratacaoIntegrationTests.csproj", "{3F3AEB22-5DBB-42A2-A6F9-85C0ED9739B7}"
EndProject
Global
	GlobalSection(SolutionConfigurationPlatforms) = preSolution
		Debug|Any CPU = Debug|Any CPU
		Release|Any CPU = Release|Any CPU
	EndGlobalSection
	GlobalSection(ProjectConfigurationPlatforms) = postSolution
		{3C4F954E-1384-4290-9B62-F63425BD5AF5}.Debug|Any CPU.ActiveCfg = Debug|Any CPU
		{3C4F954E-1384-4290-9B62-F63425BD5AF5}.Debug|Any CPU.Build.0 = Debug|Any CPU
		{3C4F954E-1384-4290-9B62-F63425BD5AF5}.Release|Any CPU.ActiveCfg = Release|Any CPU
		{3C4F954E-1384-4290-9B62-F63425BD5AF5}.Release|Any CPU.Build.0 = Release|Any CPU
		{F0D54374-85C2-4F04-A2F8-D4DE5E52229E}.Debug|Any CPU.ActiveCfg = Debug|Any CPU
		{F0D54374-85C2-4F04-A2F8-D4DE5E52229E}.Debug|Any CPU.Build.0 = Debug|Any CPU
		{F0D54374-85C2-4F04-A2F8-D4DE5E52229E}.Release|Any CPU.ActiveCfg = Release|Any CPU
		{F0D54374-85C2-4F04-A2F8-D4DE5E52229E}.Release|Any CPU.Build.0 = Release|Any CPU
		{2EE7D7FD-F6BA-4626-A8EB-F264E92DA27E}.Debug|Any CPU.ActiveCfg = Debug|Any CPU
		{2EE7D7FD-F6BA-4626-A8EB-F264E92DA27E}.Debug|Any CPU.Build.0 = Debug|Any CPU
		{2EE7D7FD-F6BA-4626-A8EB-F264E92DA27E}.Release|Any CPU.ActiveCfg = Release|Any CPU
		{2EE7D7FD-F6BA-4626-A8EB-F264E92DA27E}.Release|Any CPU.Build.0 = Release|Any CPU
		{694CC7B5-E8E2-4B86-91DD-D0709BE4F603}.Debug|Any CPU.ActiveCfg = Debug|Any CPU
		{694CC7B5-E8E2-4B86-91DD-D0709BE4F603}.Debug|Any CPU.Build.0 = Debug|Any CPU
		{694CC7B5-E8E2-4B86-91DD-D0709BE4F603}.Release|Any CPU.ActiveCfg = Release|Any CPU
		{694CC7B5-E8E2-4B86-91DD-D0709BE4F603}.Release|Any CPU.Build.0 = Release|Any CPU
		{20AC735B-07EE-4A5E-81D0-7E8DDF768981}.Debug|Any CPU.ActiveCfg = Debug|Any CPU
		{20AC735B-07EE-4A5E-81D0-7E8DDF768981}.Debug|Any CPU.Build.0 = Debug|Any CPU
		{20AC735B-07EE-4A5E-81D0-7E8DDF768981}.Release|Any CPU.ActiveCfg = Release|Any CPU
		{20AC735B-07EE-4A5E-81D0-7E8DDF768981}.Release|Any CPU.Build.0 = Release|Any CPU
		{BEC3C3FA-45E6-4CDA-B2BD-9FB1012A0A44}.Debug|Any CPU.ActiveCfg = Debug|Any CPU
		{BEC3C3FA-45E6-4CDA-B2BD-9FB1012A0A44}.Debug|Any CPU.Build.0 = Debug|Any CPU
		{BEC3C3FA-45E6-4CDA-B2BD-9FB1012A0A44}.Release|Any CPU.ActiveCfg = Release|Any CPU
		{BEC3C3FA-45E6-4CDA-B2BD-9FB1012A0A44}.Release|Any CPU.Build.0 = Release|Any CPU
		{589356D3-2463-442E-BB38-A545E635E33D}.Debug|Any CPU.ActiveCfg = Debug|Any CPU
		{589356D3-2463-442E-BB38-A545E635E33D}.Debug|Any CPU.Build.0 = Debug|Any CPU
		{589356D3-2463-442E-BB38-A545E635E33D}.Release|Any CPU.ActiveCfg = Release|Any CPU
		{589356D3-2463-442E-BB38-A545E635E33D}.Release|Any CPU.Build.0 = Release|Any CPU
		{3F3AEB22-5DBB-42A2-A6F9-85C0ED9739B7}.Debug|Any CPU.ActiveCfg = Debug|Any CPU
		{3F3AEB22-5DBB-42A2-A6F9-85C0ED9739B7}.Debug|Any CPU.Build.0 = Debug|Any CPU
		{3F3AEB22-5DBB-42A2-A6F9-85C0ED9739B7}.Release|Any CPU.ActiveCfg = Release|Any CPU
		{3F3AEB22-5DBB-42A2-A6F9-85C0ED9739B7}.Release|Any CPU.Build.0 = Release|Any CPU
	EndGlobalSection
	GlobalSection(SolutionProperties) = preSolution
		HideSolutionNode = FALSE
	EndGlobalSection
	GlobalSection(NestedProjects) = preSolution
		{3C4F954E-1384-4290-9B62-F63425BD5AF5} = {6F6D5DEC-0C5F-4362-A0EB-1EC0DEEE04C9}
		{F0D54374-85C2-4F04-A2F8-D4DE5E52229E} = {6F6D5DEC-0C5F-4362-A0EB-1EC0DEEE04C9}
		{2EE7D7FD-F6BA-4626-A8EB-F264E92DA27E} = {6F6D5DEC-0C5F-4362-A0EB-1EC0DEEE04C9}
		{694CC7B5-E8E2-4B86-91DD-D0709BE4F603} = {6F6D5DEC-0C5F-4362-A0EB-1EC0DEEE04C9}
		{20AC735B-07EE-4A5E-81D0-7E8DDF768981} = {6F6D5DEC-0C5F-4362-A0EB-1EC0DEEE04C9}
		{BEC3C3FA-45E6-4CDA-B2BD-9FB1012A0A44} = {6F6D5DEC-0C5F-4362-A0EB-1EC0DEEE04C9}
		{589356D3-2463-442E-BB38-A545E635E33D} = {AFE1960B-8AB3-40D4-946A-C11CBF61BE22}
		{3F3AEB22-5DBB-42A2-A6F9-85C0ED9739B7} = {AFE1960B-8AB3-40D4-946A-C11CBF61BE22}
	EndGlobalSection
	GlobalSection(ExtensibilityGlobals) = postSolution
		SolutionGuid = {A6AD6039-FCB4-4D97-BEEE-610172814062}
	EndGlobalSection
EndGlobal
